
Microsoft Visual Studio Solution File, Format Version 12.00
# Visual Studio Version 17
VisualStudioVersion = 17.14.36327.8
MinimumVisualStudioVersion = 10.0.40219.1
Project("{FAE04EC0-301F-11D3-BF4B-00C04F79EFBC}") = "Volunteer_Coordinator_System", "Volunteer_Coordinator_System\Volunteer_Coordinator_System.csproj", "{AD60BDAA-ED61-4707-B1BE-FD4C100CABC1}"
EndProject
Project("{2150E333-8FDC-42A3-9474-1A3956D46DE8}") = "Database", "Database", "{8EC462FD-D22E-90A8-E5CE-7E832BA40C5D}"
	ProjectSection(SolutionItems) = preProject
		VolunteerCoordinatorDB.sql = VolunteerCoordinatorDB.sql
	EndProjectSection
EndProject
Global
	GlobalSection(SolutionConfigurationPlatforms) = preSolution
		Debug|Any CPU = Debug|Any CPU
		Release|Any CPU = Release|Any CPU
	EndGlobalSection
	GlobalSection(ProjectConfigurationPlatforms) = postSolution
		{AD60BDAA-ED61-4707-B1BE-FD4C100CABC1}.Debug|Any CPU.ActiveCfg = Debug|Any CPU
		{AD60BDAA-ED61-4707-B1BE-FD4C100CABC1}.Debug|Any CPU.Build.0 = Debug|Any CPU
		{AD60BDAA-ED61-4707-B1BE-FD4C100CABC1}.Release|Any CPU.ActiveCfg = Release|Any CPU
		{AD60BDAA-ED61-4707-B1BE-FD4C100CABC1}.Release|Any CPU.Build.0 = Release|Any CPU
	EndGlobalSection
	GlobalSection(SolutionProperties) = preSolution
		HideSolutionNode = FALSE
	EndGlobalSection
	GlobalSection(ExtensibilityGlobals) = postSolution
		SolutionGuid = {7A4C7262-0AED-4210-AF2E-4422DE5CD1E4}
	EndGlobalSection
EndGlobal
